
Microsoft Visual Studio Solution File, Format Version 12.00
# Visual Studio 15
VisualStudioVersion = 15.0.28307.1209
MinimumVisualStudioVersion = 10.0.40219.1
Project("{FAE04EC0-301F-11D3-BF4B-00C04F79EFBC}") = "WindowsFormsApp1100205", "WindowsFormsApp1100205\WindowsFormsApp1100205.csproj", "{18565D7C-C836-4A7E-9310-CCC8E49C2657}"
EndProject
Global
	GlobalSection(SolutionConfigurationPlatforms) = preSolution
		Debug|Any CPU = Debug|Any CPU
		Release|Any CPU = Release|Any CPU
	EndGlobalSection
	GlobalSection(ProjectConfigurationPlatforms) = postSolution
		{18565D7C-C836-4A7E-9310-CCC8E49C2657}.Debug|Any CPU.ActiveCfg = Debug|Any CPU
		{18565D7C-C836-4A7E-9310-CCC8E49C2657}.Debug|Any CPU.Build.0 = Debug|Any CPU
		{18565D7C-C836-4A7E-9310-CCC8E49C2657}.Release|Any CPU.ActiveCfg = Release|Any CPU
		{18565D7C-C836-4A7E-9310-CCC8E49C2657}.Release|Any CPU.Build.0 = Release|Any CPU
	EndGlobalSection
	GlobalSection(SolutionProperties) = preSolution
		HideSolutionNode = FALSE
	EndGlobalSection
	GlobalSection(ExtensibilityGlobals) = postSolution
		SolutionGuid = {F1046716-D2CF-4E4D-8DD9-8AAB93DAE384}
	EndGlobalSection
EndGlobal
